
Microsoft Visual Studio Solution File, Format Version 12.00
# Visual Studio 2013
VisualStudioVersion = 12.0.31101.0
MinimumVisualStudioVersion = 10.0.40219.1
Project("{FAE04EC0-301F-11D3-BF4B-00C04F79EFBC}") = "Common", "Common\Common.csproj", "{225EE06C-3EC1-4D0C-919A-338DB9D77548}"
EndProject
Project("{2150E333-8FDC-42A3-9474-1A3956D46DE8}") = "Solution Items", "Solution Items", "{5D3EDB85-8150-40ED-9E88-057823E71E65}"
EndProject
Project("{FAE04EC0-301F-11D3-BF4B-00C04F79EFBC}") = "Parlex", "Parlex\Parlex.csproj", "{440D651A-2DE1-4AE1-B293-4C21D5ECC16A}"
EndProject
Project("{FAE04EC0-301F-11D3-BF4B-00C04F79EFBC}") = "NUnitTests", "NUnitTests\NUnitTests.csproj", "{678552FE-E227-46C4-A3AC-E8A948759E32}"
EndProject
Project("{FAE04EC0-301F-11D3-BF4B-00C04F79EFBC}") = "Automata", "Automata\Automata.csproj", "{7862B8A9-EEBD-49B4-B604-EDC03CF90EF1}"
EndProject
Project("{FAE04EC0-301F-11D3-BF4B-00C04F79EFBC}") = "IntegratedDevelopmentEnvironment", "IntegratedDevelopmentEnvironment\IntegratedDevelopmentEnvironment.csproj", "{5288A5FD-3A5A-4340-91EE-2D1E93440EF1}"
EndProject
Project("{FAE04EC0-301F-11D3-BF4B-00C04F79EFBC}") = "Parser", "..\Plange\Parser\Parser.csproj", "{B6457078-FAE4-4032-838C-30166FE89633}"
EndProject
Project("{FAE04EC0-301F-11D3-BF4B-00C04F79EFBC}") = "Plange", "..\Plange\Plange\Plange.csproj", "{B0BD92B1-4ED7-486B-93FC-64C2F72002CB}"
EndProject
Global
	GlobalSection(SolutionConfigurationPlatforms) = preSolution
		Debug|Any CPU = Debug|Any CPU
		Debug|Mixed Platforms = Debug|Mixed Platforms
		Debug|Win32 = Debug|Win32
		DebugWithoutPlugins|Any CPU = DebugWithoutPlugins|Any CPU
		DebugWithoutPlugins|Mixed Platforms = DebugWithoutPlugins|Mixed Platforms
		DebugWithoutPlugins|Win32 = DebugWithoutPlugins|Win32
		Release|Any CPU = Release|Any CPU
		Release|Mixed Platforms = Release|Mixed Platforms
		Release|Win32 = Release|Win32
	EndGlobalSection
	GlobalSection(ProjectConfigurationPlatforms) = postSolution
		{225EE06C-3EC1-4D0C-919A-338DB9D77548}.Debug|Any CPU.ActiveCfg = Debug|Any CPU
		{225EE06C-3EC1-4D0C-919A-338DB9D77548}.Debug|Any CPU.Build.0 = Debug|Any CPU
		{225EE06C-3EC1-4D0C-919A-338DB9D77548}.Debug|Mixed Platforms.ActiveCfg = Debug|Any CPU
		{225EE06C-3EC1-4D0C-919A-338DB9D77548}.Debug|Mixed Platforms.Build.0 = Debug|Any CPU
		{225EE06C-3EC1-4D0C-919A-338DB9D77548}.Debug|Win32.ActiveCfg = Debug|Any CPU
		{225EE06C-3EC1-4D0C-919A-338DB9D77548}.DebugWithoutPlugins|Any CPU.ActiveCfg = Debug|Any CPU
		{225EE06C-3EC1-4D0C-919A-338DB9D77548}.DebugWithoutPlugins|Any CPU.Build.0 = Debug|Any CPU
		{225EE06C-3EC1-4D0C-919A-338DB9D77548}.DebugWithoutPlugins|Mixed Platforms.ActiveCfg = Debug|Any CPU
		{225EE06C-3EC1-4D0C-919A-338DB9D77548}.DebugWithoutPlugins|Mixed Platforms.Build.0 = Debug|Any CPU
		{225EE06C-3EC1-4D0C-919A-338DB9D77548}.DebugWithoutPlugins|Win32.ActiveCfg = Debug|Any CPU
		{225EE06C-3EC1-4D0C-919A-338DB9D77548}.Release|Any CPU.ActiveCfg = Release|Any CPU
		{225EE06C-3EC1-4D0C-919A-338DB9D77548}.Release|Any CPU.Build.0 = Release|Any CPU
		{225EE06C-3EC1-4D0C-919A-338DB9D77548}.Release|Mixed Platforms.ActiveCfg = Release|Any CPU
		{225EE06C-3EC1-4D0C-919A-338DB9D77548}.Release|Mixed Platforms.Build.0 = Release|Any CPU
		{225EE06C-3EC1-4D0C-919A-338DB9D77548}.Release|Win32.ActiveCfg = Release|Any CPU
		{440D651A-2DE1-4AE1-B293-4C21D5ECC16A}.Debug|Any CPU.ActiveCfg = Debug|Any CPU
		{440D651A-2DE1-4AE1-B293-4C21D5ECC16A}.Debug|Any CPU.Build.0 = Debug|Any CPU
		{440D651A-2DE1-4AE1-B293-4C21D5ECC16A}.Debug|Mixed Platforms.ActiveCfg = Debug|Any CPU
		{440D651A-2DE1-4AE1-B293-4C21D5ECC16A}.Debug|Mixed Platforms.Build.0 = Debug|Any CPU
		{440D651A-2DE1-4AE1-B293-4C21D5ECC16A}.Debug|Win32.ActiveCfg = Debug|Any CPU
		{440D651A-2DE1-4AE1-B293-4C21D5ECC16A}.DebugWithoutPlugins|Any CPU.ActiveCfg = Debug|Any CPU
		{440D651A-2DE1-4AE1-B293-4C21D5ECC16A}.DebugWithoutPlugins|Any CPU.Build.0 = Debug|Any CPU
		{440D651A-2DE1-4AE1-B293-4C21D5ECC16A}.DebugWithoutPlugins|Mixed Platforms.ActiveCfg = Debug|Any CPU
		{440D651A-2DE1-4AE1-B293-4C21D5ECC16A}.DebugWithoutPlugins|Mixed Platforms.Build.0 = Debug|Any CPU
		{440D651A-2DE1-4AE1-B293-4C21D5ECC16A}.DebugWithoutPlugins|Win32.ActiveCfg = Debug|Any CPU
		{440D651A-2DE1-4AE1-B293-4C21D5ECC16A}.Release|Any CPU.ActiveCfg = Release|Any CPU
		{440D651A-2DE1-4AE1-B293-4C21D5ECC16A}.Release|Any CPU.Build.0 = Release|Any CPU
		{440D651A-2DE1-4AE1-B293-4C21D5ECC16A}.Release|Mixed Platforms.ActiveCfg = Release|Any CPU
		{440D651A-2DE1-4AE1-B293-4C21D5ECC16A}.Release|Mixed Platforms.Build.0 = Release|Any CPU
		{440D651A-2DE1-4AE1-B293-4C21D5ECC16A}.Release|Win32.ActiveCfg = Release|Any CPU
		{678552FE-E227-46C4-A3AC-E8A948759E32}.Debug|Any CPU.ActiveCfg = Debug|Any CPU
		{678552FE-E227-46C4-A3AC-E8A948759E32}.Debug|Any CPU.Build.0 = Debug|Any CPU
		{678552FE-E227-46C4-A3AC-E8A948759E32}.Debug|Mixed Platforms.ActiveCfg = Debug|Any CPU
		{678552FE-E227-46C4-A3AC-E8A948759E32}.Debug|Mixed Platforms.Build.0 = Debug|Any CPU
		{678552FE-E227-46C4-A3AC-E8A948759E32}.Debug|Win32.ActiveCfg = Debug|Any CPU
		{678552FE-E227-46C4-A3AC-E8A948759E32}.DebugWithoutPlugins|Any CPU.ActiveCfg = Debug|Any CPU
		{678552FE-E227-46C4-A3AC-E8A948759E32}.DebugWithoutPlugins|Any CPU.Build.0 = Debug|Any CPU
		{678552FE-E227-46C4-A3AC-E8A948759E32}.DebugWithoutPlugins|Mixed Platforms.ActiveCfg = Debug|Any CPU
		{678552FE-E227-46C4-A3AC-E8A948759E32}.DebugWithoutPlugins|Mixed Platforms.Build.0 = Debug|Any CPU
		{678552FE-E227-46C4-A3AC-E8A948759E32}.DebugWithoutPlugins|Win32.ActiveCfg = Debug|Any CPU
		{678552FE-E227-46C4-A3AC-E8A948759E32}.Release|Any CPU.ActiveCfg = Release|Any CPU
		{678552FE-E227-46C4-A3AC-E8A948759E32}.Release|Any CPU.Build.0 = Release|Any CPU
		{678552FE-E227-46C4-A3AC-E8A948759E32}.Release|Mixed Platforms.ActiveCfg = Release|Any CPU
		{678552FE-E227-46C4-A3AC-E8A948759E32}.Release|Mixed Platforms.Build.0 = Release|Any CPU
		{678552FE-E227-46C4-A3AC-E8A948759E32}.Release|Win32.ActiveCfg = Release|Any CPU
		{7862B8A9-EEBD-49B4-B604-EDC03CF90EF1}.Debug|Any CPU.ActiveCfg = Debug|Any CPU
		{7862B8A9-EEBD-49B4-B604-EDC03CF90EF1}.Debug|Any CPU.Build.0 = Debug|Any CPU
		{7862B8A9-EEBD-49B4-B604-EDC03CF90EF1}.Debug|Mixed Platforms.ActiveCfg = Debug|Any CPU
		{7862B8A9-EEBD-49B4-B604-EDC03CF90EF1}.Debug|Mixed Platforms.Build.0 = Debug|Any CPU
		{7862B8A9-EEBD-49B4-B604-EDC03CF90EF1}.Debug|Win32.ActiveCfg = Debug|Any CPU
		{7862B8A9-EEBD-49B4-B604-EDC03CF90EF1}.DebugWithoutPlugins|Any CPU.ActiveCfg = Debug|Any CPU
		{7862B8A9-EEBD-49B4-B604-EDC03CF90EF1}.DebugWithoutPlugins|Any CPU.Build.0 = Debug|Any CPU
		{7862B8A9-EEBD-49B4-B604-EDC03CF90EF1}.DebugWithoutPlugins|Mixed Platforms.ActiveCfg = Debug|Any CPU
		{7862B8A9-EEBD-49B4-B604-EDC03CF90EF1}.DebugWithoutPlugins|Mixed Platforms.Build.0 = Debug|Any CPU
		{7862B8A9-EEBD-49B4-B604-EDC03CF90EF1}.DebugWithoutPlugins|Win32.ActiveCfg = Debug|Any CPU
		{7862B8A9-EEBD-49B4-B604-EDC03CF90EF1}.Release|Any CPU.ActiveCfg = Release|Any CPU
		{7862B8A9-EEBD-49B4-B604-EDC03CF90EF1}.Release|Any CPU.Build.0 = Release|Any CPU
		{7862B8A9-EEBD-49B4-B604-EDC03CF90EF1}.Release|Mixed Platforms.ActiveCfg = Release|Any CPU
		{7862B8A9-EEBD-49B4-B604-EDC03CF90EF1}.Release|Mixed Platforms.Build.0 = Release|Any CPU
		{7862B8A9-EEBD-49B4-B604-EDC03CF90EF1}.Release|Win32.ActiveCfg = Release|Any CPU
		{5288A5FD-3A5A-4340-91EE-2D1E93440EF1}.Debug|Any CPU.ActiveCfg = Debug|Any CPU
		{5288A5FD-3A5A-4340-91EE-2D1E93440EF1}.Debug|Any CPU.Build.0 = Debug|Any CPU
		{5288A5FD-3A5A-4340-91EE-2D1E93440EF1}.Debug|Mixed Platforms.ActiveCfg = Debug|Any CPU
		{5288A5FD-3A5A-4340-91EE-2D1E93440EF1}.Debug|Mixed Platforms.Build.0 = Debug|Any CPU
		{5288A5FD-3A5A-4340-91EE-2D1E93440EF1}.Debug|Win32.ActiveCfg = Debug|Any CPU
		{5288A5FD-3A5A-4340-91EE-2D1E93440EF1}.DebugWithoutPlugins|Any CPU.ActiveCfg = Debug|Any CPU
		{5288A5FD-3A5A-4340-91EE-2D1E93440EF1}.DebugWithoutPlugins|Any CPU.Build.0 = Debug|Any CPU
		{5288A5FD-3A5A-4340-91EE-2D1E93440EF1}.DebugWithoutPlugins|Mixed Platforms.ActiveCfg = Debug|Any CPU
		{5288A5FD-3A5A-4340-91EE-2D1E93440EF1}.DebugWithoutPlugins|Mixed Platforms.Build.0 = Debug|Any CPU
		{5288A5FD-3A5A-4340-91EE-2D1E93440EF1}.DebugWithoutPlugins|Win32.ActiveCfg = Debug|Any CPU
		{5288A5FD-3A5A-4340-91EE-2D1E93440EF1}.Release|Any CPU.ActiveCfg = Release|Any CPU
		{5288A5FD-3A5A-4340-91EE-2D1E93440EF1}.Release|Any CPU.Build.0 = Release|Any CPU
		{5288A5FD-3A5A-4340-91EE-2D1E93440EF1}.Release|Mixed Platforms.ActiveCfg = Release|Any CPU
		{5288A5FD-3A5A-4340-91EE-2D1E93440EF1}.Release|Mixed Platforms.Build.0 = Release|Any CPU
		{5288A5FD-3A5A-4340-91EE-2D1E93440EF1}.Release|Win32.ActiveCfg = Release|Any CPU
		{B6457078-FAE4-4032-838C-30166FE89633}.Debug|Any CPU.ActiveCfg = Debug|Any CPU
		{B6457078-FAE4-4032-838C-30166FE89633}.Debug|Any CPU.Build.0 = Debug|Any CPU
		{B6457078-FAE4-4032-838C-30166FE89633}.Debug|Mixed Platforms.ActiveCfg = Debug|Any CPU
		{B6457078-FAE4-4032-838C-30166FE89633}.Debug|Mixed Platforms.Build.0 = Debug|Any CPU
		{B6457078-FAE4-4032-838C-30166FE89633}.Debug|Win32.ActiveCfg = Debug|Any CPU
		{B6457078-FAE4-4032-838C-30166FE89633}.DebugWithoutPlugins|Any CPU.ActiveCfg = Debug|Any CPU
		{B6457078-FAE4-4032-838C-30166FE89633}.DebugWithoutPlugins|Any CPU.Build.0 = Debug|Any CPU
		{B6457078-FAE4-4032-838C-30166FE89633}.DebugWithoutPlugins|Mixed Platforms.ActiveCfg = Debug|Any CPU
		{B6457078-FAE4-4032-838C-30166FE89633}.DebugWithoutPlugins|Mixed Platforms.Build.0 = Debug|Any CPU
		{B6457078-FAE4-4032-838C-30166FE89633}.DebugWithoutPlugins|Win32.ActiveCfg = Debug|Any CPU
		{B6457078-FAE4-4032-838C-30166FE89633}.Release|Any CPU.ActiveCfg = Release|Any CPU
		{B6457078-FAE4-4032-838C-30166FE89633}.Release|Any CPU.Build.0 = Release|Any CPU
		{B6457078-FAE4-4032-838C-30166FE89633}.Release|Mixed Platforms.ActiveCfg = Release|Any CPU
		{B6457078-FAE4-4032-838C-30166FE89633}.Release|Mixed Platforms.Build.0 = Release|Any CPU
		{B6457078-FAE4-4032-838C-30166FE89633}.Release|Win32.ActiveCfg = Release|Any CPU
		{B0BD92B1-4ED7-486B-93FC-64C2F72002CB}.Debug|Any CPU.ActiveCfg = Debug|Any CPU
		{B0BD92B1-4ED7-486B-93FC-64C2F72002CB}.Debug|Any CPU.Build.0 = Debug|Any CPU
		{B0BD92B1-4ED7-486B-93FC-64C2F72002CB}.Debug|Mixed Platforms.ActiveCfg = Debug|Any CPU
		{B0BD92B1-4ED7-486B-93FC-64C2F72002CB}.Debug|Mixed Platforms.Build.0 = Debug|Any CPU
		{B0BD92B1-4ED7-486B-93FC-64C2F72002CB}.Debug|Win32.ActiveCfg = Debug|Any CPU
		{B0BD92B1-4ED7-486B-93FC-64C2F72002CB}.DebugWithoutPlugins|Any CPU.ActiveCfg = Debug|Any CPU
		{B0BD92B1-4ED7-486B-93FC-64C2F72002CB}.DebugWithoutPlugins|Any CPU.Build.0 = Debug|Any CPU
		{B0BD92B1-4ED7-486B-93FC-64C2F72002CB}.DebugWithoutPlugins|Mixed Platforms.ActiveCfg = Debug|Any CPU
		{B0BD92B1-4ED7-486B-93FC-64C2F72002CB}.DebugWithoutPlugins|Mixed Platforms.Build.0 = Debug|Any CPU
		{B0BD92B1-4ED7-486B-93FC-64C2F72002CB}.DebugWithoutPlugins|Win32.ActiveCfg = Debug|Any CPU
		{B0BD92B1-4ED7-486B-93FC-64C2F72002CB}.Release|Any CPU.ActiveCfg = Release|Any CPU
		{B0BD92B1-4ED7-486B-93FC-64C2F72002CB}.Release|Any CPU.Build.0 = Release|Any CPU
		{B0BD92B1-4ED7-486B-93FC-64C2F72002CB}.Release|Mixed Platforms.ActiveCfg = Release|Any CPU
		{B0BD92B1-4ED7-486B-93FC-64C2F72002CB}.Release|Mixed Platforms.Build.0 = Release|Any CPU
		{B0BD92B1-4ED7-486B-93FC-64C2F72002CB}.Release|Win32.ActiveCfg = Release|Any CPU
	EndGlobalSection
	GlobalSection(SolutionProperties) = preSolution
		HideSolutionNode = FALSE
	EndGlobalSection
	GlobalSection(MonoDevelopProperties) = preSolution
		StartupItem = Common\Common.csproj
	EndGlobalSection
EndGlobal
